{"format_version":"1.2","terraform_version":"1.13.5","planned_values":{"root_module":{"resources":[{"address":"aws_s3_bucket.static_website_bucket","mode":"managed","type":"aws_s3_bucket","name":"static_website_bucket","provider_name":"registry.terraform.io/hashicorp/aws","schema_version":0,"values":{"force_destroy":false,"tags":{"Environment":"Production","Name":"StaticWebsiteBucket"},"tags_all":{"Environment":"Production","Name":"StaticWebsiteBucket"},"timeouts":null},"sensitive_values":{"cors_rule":[],"grant":[],"lifecycle_rule":[],"logging":[],"object_lock_configuration":[],"replication_configuration":[],"server_side_encryption_configuration":[],"tags":{},"tags_all":{},"versioning":[],"website":[]}},{"address":"aws_s3_bucket_policy.allow_access_from_another_account","mode":"managed","type":"aws_s3_bucket_policy","name":"allow_access_from_another_account","provider_name":"registry.terraform.io/hashicorp/aws","schema_version":0,"sensitive_values":{}},{"address":"aws_s3_bucket_public_access_block.static_website_bucket","mode":"managed","type":"aws_s3_bucket_public_access_block","name":"static_website_bucket","provider_name":"registry.terraform.io/hashicorp/aws","schema_version":0,"values":{"block_public_acls":false,"block_public_policy":false,"ignore_public_acls":false,"restrict_public_buckets":false},"sensitive_values":{}},{"address":"random_id.bucket_suffix","mode":"managed","type":"random_id","name":"bucket_suffix","provider_name":"registry.terraform.io/hashicorp/random","schema_version":0,"values":{"byte_length":4,"keepers":null,"prefix":null},"sensitive_values":{}}]}},"resource_changes":[{"address":"aws_s3_bucket.static_website_bucket","mode":"managed","type":"aws_s3_bucket","name":"static_website_bucket","provider_name":"registry.terraform.io/hashicorp/aws","change":{"actions":["create"],"before":null,"after":{"force_destroy":false,"tags":{"Environment":"Production","Name":"StaticWebsiteBucket"},"tags_all":{"Environment":"Production","Name":"StaticWebsiteBucket"},"timeouts":null},"after_unknown":{"acceleration_status":true,"acl":true,"arn":true,"bucket":true,"bucket_domain_name":true,"bucket_prefix":true,"bucket_regional_domain_name":true,"cors_rule":true,"grant":true,"hosted_zone_id":true,"id":true,"lifecycle_rule":true,"logging":true,"object_lock_configuration":true,"object_lock_enabled":true,"policy":true,"region":true,"replication_configuration":true,"request_payer":true,"server_side_encryption_configuration":true,"tags":{},"tags_all":{},"versioning":true,"website":true,"website_domain":true,"website_endpoint":true},"before_sensitive":false,"after_sensitive":{"cors_rule":[],"grant":[],"lifecycle_rule":[],"logging":[],"object_lock_configuration":[],"replication_configuration":[],"server_side_encryption_configuration":[],"tags":{},"tags_all":{},"versioning":[],"website":[]}}},{"address":"aws_s3_bucket_policy.allow_access_from_another_account","mode":"managed","type":"aws_s3_bucket_policy","name":"allow_access_from_another_account","provider_name":"registry.terraform.io/hashicorp/aws","change":{"actions":["create"],"before":null,"after":{},"after_unknown":{"bucket":true,"id":true,"policy":true},"before_sensitive":false,"after_sensitive":{}}},{"address":"aws_s3_bucket_public_access_block.static_website_bucket","mode":"managed","type":"aws_s3_bucket_public_access_block","name":"static_website_bucket","provider_name":"registry.terraform.io/hashicorp/aws","change":{"actions":["create"],"before":null,"after":{"block_public_acls":false,"block_public_policy":false,"ignore_public_acls":false,"restrict_public_buckets":false},"after_unknown":{"bucket":true,"id":true},"before_sensitive":false,"after_sensitive":{}}},{"address":"random_id.bucket_suffix","mode":"managed","type":"random_id","name":"bucket_suffix","provider_name":"registry.terraform.io/hashicorp/random","change":{"actions":["create"],"before":null,"after":{"byte_length":4,"keepers":null,"prefix":null},"after_unknown":{"b64_std":true,"b64_url":true,"dec":true,"hex":true,"id":true},"before_sensitive":false,"after_sensitive":{}}}],"configuration":{"provider_config":{"aws":{"name":"aws","full_name":"registry.terraform.io/hashicorp/aws","version_constraint":"~\u003e 5.0","expressions":{"region":{"constant_value":"eu-west-1"}}},"random":{"name":"random","full_name":"registry.terraform.io/hashicorp/random","version_constraint":"~\u003e 3.0"}},"root_module":{"resources":[{"address":"aws_s3_bucket.static_website_bucket","mode":"managed","type":"aws_s3_bucket","name":"static_website_bucket","provider_config_key":"aws","expressions":{"bucket":{"references":["random_id.bucket_suffix.hex","random_id.bucket_suffix"]},"tags":{"constant_value":{"Environment":"Production","Name":"StaticWebsiteBucket"}}},"schema_version":0},{"address":"aws_s3_bucket_policy.allow_access_from_another_account","mode":"managed","type":"aws_s3_bucket_policy","name":"allow_access_from_another_account","provider_config_key":"aws","expressions":{"bucket":{"references":["aws_s3_bucket.static_website_bucket.id","aws_s3_bucket.static_website_bucket"]},"policy":{"references":["aws_s3_bucket.static_website_bucket.arn","aws_s3_bucket.static_website_bucket"]}},"schema_version":0},{"address":"aws_s3_bucket_public_access_block.static_website_bucket","mode":"managed","type":"aws_s3_bucket_public_access_block","name":"static_website_bucket","provider_config_key":"aws","expressions":{"block_public_acls":{"constant_value":false},"block_public_policy":{"constant_value":false},"bucket":{"references":["aws_s3_bucket.static_website_bucket.id","aws_s3_bucket.static_website_bucket"]},"ignore_public_acls":{"constant_value":false},"restrict_public_buckets":{"constant_value":false}},"schema_version":0},{"address":"random_id.bucket_suffix","mode":"managed","type":"random_id","name":"bucket_suffix","provider_config_key":"random","expressions":{"byte_length":{"constant_value":4}},"schema_version":0}]}},"relevant_attributes":[{"resource":"aws_s3_bucket.static_website_bucket","attribute":["arn"]},{"resource":"aws_s3_bucket.static_website_bucket","attribute":["id"]},{"resource":"random_id.bucket_suffix","attribute":["hex"]}],"timestamp":"2025-11-29T20:16:54Z","applyable":true,"complete":true,"errored":false}
